
Microsoft Visual Studio Solution File, Format Version 12.00
# Visual Studio Version 17
VisualStudioVersion = 17.9.34723.18
MinimumVisualStudioVersion = 10.0.40219.1
Project("{FAE04EC0-301F-11D3-BF4B-00C04F79EFBC}") = "School_API", "School_API\School_API.csproj", "{374A755C-FFB8-4CA3-8645-BD56D700E3A7}"
EndProject
Global
	GlobalSection(SolutionConfigurationPlatforms) = preSolution
		Debug|Any CPU = Debug|Any CPU
		Release|Any CPU = Release|Any CPU
	EndGlobalSection
	GlobalSection(ProjectConfigurationPlatforms) = postSolution
		{374A755C-FFB8-4CA3-8645-BD56D700E3A7}.Debug|Any CPU.ActiveCfg = Debug|Any CPU
		{374A755C-FFB8-4CA3-8645-BD56D700E3A7}.Debug|Any CPU.Build.0 = Debug|Any CPU
		{374A755C-FFB8-4CA3-8645-BD56D700E3A7}.Release|Any CPU.ActiveCfg = Release|Any CPU
		{374A755C-FFB8-4CA3-8645-BD56D700E3A7}.Release|Any CPU.Build.0 = Release|Any CPU
	EndGlobalSection
	GlobalSection(SolutionProperties) = preSolution
		HideSolutionNode = FALSE
	EndGlobalSection
	GlobalSection(ExtensibilityGlobals) = postSolution
		SolutionGuid = {9F22761F-0A58-49F0-9B66-5B2925D15004}
	EndGlobalSection
EndGlobal
